// !$*UTF8*$!
{
	archiveVersion = 1;
	classes = {
	};
	objectVersion = 77;
	objects = {

/* Begin PBXBuildFile section */
		A572F4432DBE941200CF7FD4 /* GRPCCodeGen in Frameworks */ = {isa = PBXBuildFile; productRef = A572F4422DBE941200CF7FD4 /* GRPCCodeGen */; };
		A572F4452DBE941200CF7FD4 /* GRPCCore in Frameworks */ = {isa = PBXBuildFile; productRef = A572F4442DBE941200CF7FD4 /* GRPCCore */; };
		A572F4472DBE941200CF7FD4 /* GRPCInProcessTransport in Frameworks */ = {isa = PBXBuildFile; productRef = A572F4462DBE941200CF7FD4 /* GRPCInProcessTransport */; };
		A572F44D2DBE98F100CF7FD4 /* FeedServiceClient.swift in Sources */ = {isa = PBXBuildFile; fileRef = A572F4492DBE98F100CF7FD4 /* FeedServiceClient.swift */; };
		A572F44E2DBE98F100CF7FD4 /* feed.proto in Sources */ = {isa = PBXBuildFile; fileRef = A572F44B2DBE98F100CF7FD4 /* feed.proto */; };
		A572F44F2DBE98F100CF7FD4 /* FeedModels.swift in Sources */ = {isa = PBXBuildFile; fileRef = A572F4482DBE98F100CF7FD4 /* FeedModels.swift */; };
/* End PBXBuildFile section */

/* Begin PBXFileReference section */
		A501DF812DBA69D90048DBF8 /* InstaFeed.app */ = {isa = PBXFileReference; explicitFileType = wrapper.application; includeInIndex = 0; path = InstaFeed.app; sourceTree = BUILT_PRODUCTS_DIR; };
		A572F4482DBE98F100CF7FD4 /* FeedModels.swift */ = {isa = PBXFileReference; lastKnownFileType = sourcecode.swift; path = FeedModels.swift; sourceTree = "<group>"; };
		A572F4492DBE98F100CF7FD4 /* FeedServiceClient.swift */ = {isa = PBXFileReference; lastKnownFileType = sourcecode.swift; path = FeedServiceClient.swift; sourceTree = "<group>"; };
		A572F44B2DBE98F100CF7FD4 /* feed.proto */ = {isa = PBXFileReference; lastKnownFileType = sourcecode.protobuf; path = feed.proto; sourceTree = "<group>"; };
/* End PBXFileReference section */

/* Begin PBXFileSystemSynchronizedRootGroup section */
		A501DF832DBA69D90048DBF8 /* InstaFeed */ = {
			isa = PBXFileSystemSynchronizedRootGroup;
			path = InstaFeed;
			sourceTree = "<group>";
		};
/* End PBXFileSystemSynchronizedRootGroup section */

/* Begin PBXFrameworksBuildPhase section */
		A501DF7E2DBA69D90048DBF8 /* Frameworks */ = {
			isa = PBXFrameworksBuildPhase;
			buildActionMask = 2147483647;
			files = (
				A572F4432DBE941200CF7FD4 /* GRPCCodeGen in Frameworks */,
				A572F4452DBE941200CF7FD4 /* GRPCCore in Frameworks */,
				A572F4472DBE941200CF7FD4 /* GRPCInProcessTransport in Frameworks */,
			);
			runOnlyForDeploymentPostprocessing = 0;
		};
/* End PBXFrameworksBuildPhase section */

/* Begin PBXGroup section */
		A501DF782DBA69D90048DBF8 = {
			isa = PBXGroup;
			children = (
				A572F44A2DBE98F100CF7FD4 /* Generated */,
				A572F44C2DBE98F100CF7FD4 /* Protos */,
				A501DF832DBA69D90048DBF8 /* InstaFeed */,
				A501DF822DBA69D90048DBF8 /* Products */,
			);
			sourceTree = "<group>";
		};
		A501DF822DBA69D90048DBF8 /* Products */ = {
			isa = PBXGroup;
			children = (
				A501DF812DBA69D90048DBF8 /* InstaFeed.app */,
			);
			name = Products;
			sourceTree = "<group>";
		};
		A572F44A2DBE98F100CF7FD4 /* Generated */ = {
			isa = PBXGroup;
			children = (
				A572F4482DBE98F100CF7FD4 /* FeedModels.swift */,
				A572F4492DBE98F100CF7FD4 /* FeedServiceClient.swift */,
			);
			path = Generated;
			sourceTree = "<group>";
		};
		A572F44C2DBE98F100CF7FD4 /* Protos */ = {
			isa = PBXGroup;
			children = (
				A572F44B2DBE98F100CF7FD4 /* feed.proto */,
			);
			path = Protos;
			sourceTree = "<group>";
		};
/* End PBXGroup section */

/* Begin PBXNativeTarget section */
		A501DF802DBA69D90048DBF8 /* InstaFeed */ = {
			isa = PBXNativeTarget;
			buildConfigurationList = A501DF8F2DBA69DC0048DBF8 /* Build configuration list for PBXNativeTarget "InstaFeed" */;
			buildPhases = (
				A501DF7D2DBA69D90048DBF8 /* Sources */,
				A501DF7E2DBA69D90048DBF8 /* Frameworks */,
				A501DF7F2DBA69D90048DBF8 /* Resources */,
			);
			buildRules = (
			);
			dependencies = (
			);
			fileSystemSynchronizedGroups = (
				A501DF832DBA69D90048DBF8 /* InstaFeed */,
			);
			name = InstaFeed;
			packageProductDependencies = (
				A572F4422DBE941200CF7FD4 /* GRPCCodeGen */,
				A572F4442DBE941200CF7FD4 /* GRPCCore */,
				A572F4462DBE941200CF7FD4 /* GRPCInProcessTransport */,
			);
			productName = InstaFeed;
			productReference = A501DF812DBA69D90048DBF8 /* InstaFeed.app */;
			productType = "com.apple.product-type.application";
		};
/* End PBXNativeTarget section */

/* Begin PBXProject section */
		A501DF792DBA69D90048DBF8 /* Project object */ = {
			isa = PBXProject;
			attributes = {
				BuildIndependentTargetsInParallel = 1;
				LastSwiftUpdateCheck = 1600;
				LastUpgradeCheck = 1600;
				TargetAttributes = {
					A501DF802DBA69D90048DBF8 = {
						CreatedOnToolsVersion = 16.0;
					};
				};
			};
			buildConfigurationList = A501DF7C2DBA69D90048DBF8 /* Build configuration list for PBXProject "InstaFeed" */;
			developmentRegion = en;
			hasScannedForEncodings = 0;
			knownRegions = (
				en,
				Base,
			);
			mainGroup = A501DF782DBA69D90048DBF8;
			minimizedProjectReferenceProxies = 1;
			packageReferences = (
				A572F4412DBE941200CF7FD4 /* XCRemoteSwiftPackageReference "grpc-swift" */,
			);
			preferredProjectObjectVersion = 77;
			productRefGroup = A501DF822DBA69D90048DBF8 /* Products */;
			projectDirPath = "";
			projectRoot = "";
			targets = (
				A501DF802DBA69D90048DBF8 /* InstaFeed */,
			);
		};
/* End PBXProject section */

/* Begin PBXResourcesBuildPhase section */
		A501DF7F2DBA69D90048DBF8 /* Resources */ = {
			isa = PBXResourcesBuildPhase;
			buildActionMask = 2147483647;
			files = (
			);
			runOnlyForDeploymentPostprocessing = 0;
		};
/* End PBXResourcesBuildPhase section */

/* Begin PBXSourcesBuildPhase section */
		A501DF7D2DBA69D90048DBF8 /* Sources */ = {
			isa = PBXSourcesBuildPhase;
			buildActionMask = 2147483647;
			files = (
				A572F44D2DBE98F100CF7FD4 /* FeedServiceClient.swift in Sources */,
				A572F44E2DBE98F100CF7FD4 /* feed.proto in Sources */,
				A572F44F2DBE98F100CF7FD4 /* FeedModels.swift in Sources */,
			);
			runOnlyForDeploymentPostprocessing = 0;
		};
/* End PBXSourcesBuildPhase section */

/* Begin XCBuildConfiguration section */
		A501DF8D2DBA69DC0048DBF8 /* Debug */ = {
			isa = XCBuildConfiguration;
			buildSettings = {
				ALWAYS_SEARCH_USER_PATHS = NO;
				ASSETCATALOG_COMPILER_GENERATE_SWIFT_ASSET_SYMBOL_EXTENSIONS = YES;
				CLANG_ANALYZER_NONNULL = YES;
				CLANG_ANALYZER_NUMBER_OBJECT_CONVERSION = YES_AGGRESSIVE;
				CLANG_CXX_LANGUAGE_STANDARD = "gnu++20";
				CLANG_ENABLE_MODULES = YES;
				CLANG_ENABLE_OBJC_ARC = YES;
				CLANG_ENABLE_OBJC_WEAK = YES;
				CLANG_WARN_BLOCK_CAPTURE_AUTORELEASING = YES;
				CLANG_WARN_BOOL_CONVERSION = YES;
				CLANG_WARN_COMMA = YES;
				CLANG_WARN_CONSTANT_CONVERSION = YES;
				CLANG_WARN_DEPRECATED_OBJC_IMPLEMENTATIONS = YES;
				CLANG_WARN_DIRECT_OBJC_ISA_USAGE = YES_ERROR;
				CLANG_WARN_DOCUMENTATION_COMMENTS = YES;
				CLANG_WARN_EMPTY_BODY = YES;
				CLANG_WARN_ENUM_CONVERSION = YES;
				CLANG_WARN_INFINITE_RECURSION = YES;
				CLANG_WARN_INT_CONVERSION = YES;
				CLANG_WARN_NON_LITERAL_NULL_CONVERSION = YES;
				CLANG_WARN_OBJC_IMPLICIT_RETAIN_SELF = YES;
				CLANG_WARN_OBJC_LITERAL_CONVERSION = YES;
				CLANG_WARN_OBJC_ROOT_CLASS = YES_ERROR;
				CLANG_WARN_QUOTED_INCLUDE_IN_FRAMEWORK_HEADER = YES;
				CLANG_WARN_RANGE_LOOP_ANALYSIS = YES;
				CLANG_WARN_STRICT_PROTOTYPES = YES;
				CLANG_WARN_SUSPICIOUS_MOVE = YES;
				CLANG_WARN_UNGUARDED_AVAILABILITY = YES_AGGRESSIVE;
				CLANG_WARN_UNREACHABLE_CODE = YES;
				CLANG_WARN__DUPLICATE_METHOD_MATCH = YES;
				COPY_PHASE_STRIP = NO;
				DEBUG_INFORMATION_FORMAT = dwarf;
				ENABLE_STRICT_OBJC_MSGSEND = YES;
				ENABLE_TESTABILITY = YES;
				ENABLE_USER_SCRIPT_SANDBOXING = YES;
				GCC_C_LANGUAGE_STANDARD = gnu17;
				GCC_DYNAMIC_NO_PIC = NO;
				GCC_NO_COMMON_BLOCKS = YES;
				GCC_OPTIMIZATION_LEVEL = 0;
				GCC_PREPROCESSOR_DEFINITIONS = (
					"DEBUG=1",
					"$(inherited)",
				);
				GCC_WARN_64_TO_32_BIT_CONVERSION = YES;
				GCC_WARN_ABOUT_RETURN_TYPE = YES_ERROR;
				GCC_WARN_UNDECLARED_SELECTOR = YES;
				GCC_WARN_UNINITIALIZED_AUTOS = YES_AGGRESSIVE;
				GCC_WARN_UNUSED_FUNCTION = YES;
				GCC_WARN_UNUSED_VARIABLE = YES;
				IPHONEOS_DEPLOYMENT_TARGET = 18.0;
				LOCALIZATION_PREFERS_STRING_CATALOGS = YES;
				MTL_ENABLE_DEBUG_INFO = INCLUDE_SOURCE;
				MTL_FAST_MATH = YES;
				ONLY_ACTIVE_ARCH = YES;
				SDKROOT = iphoneos;
				SWIFT_ACTIVE_COMPILATION_CONDITIONS = "DEBUG $(inherited)";
				SWIFT_OPTIMIZATION_LEVEL = "-Onone";
			};
			name = Debug;
		};
		A501DF8E2DBA69DC0048DBF8 /* Release */ = {
			isa = XCBuildConfiguration;
			buildSettings = {
				ALWAYS_SEARCH_USER_PATHS = NO;
				ASSETCATALOG_COMPILER_GENERATE_SWIFT_ASSET_SYMBOL_EXTENSIONS = YES;
				CLANG_ANALYZER_NONNULL = YES;
				CLANG_ANALYZER_NUMBER_OBJECT_CONVERSION = YES_AGGRESSIVE;
				CLANG_CXX_LANGUAGE_STANDARD = "gnu++20";
				CLANG_ENABLE_MODULES = YES;
				CLANG_ENABLE_OBJC_ARC = YES;
				CLANG_ENABLE_OBJC_WEAK = YES;
				CLANG_WARN_BLOCK_CAPTURE_AUTORELEASING = YES;
				CLANG_WARN_BOOL_CONVERSION = YES;
				CLANG_WARN_COMMA = YES;
				CLANG_WARN_CONSTANT_CONVERSION = YES;
				CLANG_WARN_DEPRECATED_OBJC_IMPLEMENTATIONS = YES;
				CLANG_WARN_DIRECT_OBJC_ISA_USAGE = YES_ERROR;
				CLANG_WARN_DOCUMENTATION_COMMENTS = YES;
				CLANG_WARN_EMPTY_BODY = YES;
				CLANG_WARN_ENUM_CONVERSION = YES;
				CLANG_WARN_INFINITE_RECURSION = YES;
				CLANG_WARN_INT_CONVERSION = YES;
				CLANG_WARN_NON_LITERAL_NULL_CONVERSION = YES;
				CLANG_WARN_OBJC_IMPLICIT_RETAIN_SELF = YES;
				CLANG_WARN_OBJC_LITERAL_CONVERSION = YES;
				CLANG_WARN_OBJC_ROOT_CLASS = YES_ERROR;
				CLANG_WARN_QUOTED_INCLUDE_IN_FRAMEWORK_HEADER = YES;
				CLANG_WARN_RANGE_LOOP_ANALYSIS = YES;
				CLANG_WARN_STRICT_PROTOTYPES = YES;
				CLANG_WARN_SUSPICIOUS_MOVE = YES;
				CLANG_WARN_UNGUARDED_AVAILABILITY = YES_AGGRESSIVE;
				CLANG_WARN_UNREACHABLE_CODE = YES;
				CLANG_WARN__DUPLICATE_METHOD_MATCH = YES;
				COPY_PHASE_STRIP = NO;
				DEBUG_INFORMATION_FORMAT = "dwarf-with-dsym";
				ENABLE_NS_ASSERTIONS = NO;
				ENABLE_STRICT_OBJC_MSGSEND = YES;
				ENABLE_USER_SCRIPT_SANDBOXING = YES;
				GCC_C_LANGUAGE_STANDARD = gnu17;
				GCC_NO_COMMON_BLOCKS = YES;
				GCC_WARN_64_TO_32_BIT_CONVERSION = YES;
				GCC_WARN_ABOUT_RETURN_TYPE = YES_ERROR;
				GCC_WARN_UNDECLARED_SELECTOR = YES;
				GCC_WARN_UNINITIALIZED_AUTOS = YES_AGGRESSIVE;
				GCC_WARN_UNUSED_FUNCTION = YES;
				GCC_WARN_UNUSED_VARIABLE = YES;
				IPHONEOS_DEPLOYMENT_TARGET = 18.0;
				LOCALIZATION_PREFERS_STRING_CATALOGS = YES;
				MTL_ENABLE_DEBUG_INFO = NO;
				MTL_FAST_MATH = YES;
				SDKROOT = iphoneos;
				SWIFT_COMPILATION_MODE = wholemodule;
				VALIDATE_PRODUCT = YES;
			};
			name = Release;
		};
		A501DF902DBA69DC0048DBF8 /* Debug */ = {
			isa = XCBuildConfiguration;
			buildSettings = {
				ASSETCATALOG_COMPILER_APPICON_NAME = AppIcon;
				ASSETCATALOG_COMPILER_GLOBAL_ACCENT_COLOR_NAME = AccentColor;
				CODE_SIGN_STYLE = Automatic;
				CURRENT_PROJECT_VERSION = 1;
				DEVELOPMENT_ASSET_PATHS = "\"InstaFeed/Preview Content\"";
				DEVELOPMENT_TEAM = 25QHX7WSMR;
				ENABLE_PREVIEWS = YES;
				GENERATE_INFOPLIST_FILE = YES;
				INFOPLIST_KEY_UIApplicationSceneManifest_Generation = YES;
				INFOPLIST_KEY_UIApplicationSupportsIndirectInputEvents = YES;
				INFOPLIST_KEY_UILaunchScreen_Generation = YES;
				INFOPLIST_KEY_UISupportedInterfaceOrientations_iPad = "UIInterfaceOrientationPortrait UIInterfaceOrientationPortraitUpsideDown UIInterfaceOrientationLandscapeLeft UIInterfaceOrientationLandscapeRight";
				INFOPLIST_KEY_UISupportedInterfaceOrientations_iPhone = "UIInterfaceOrientationPortrait UIInterfaceOrientationLandscapeLeft UIInterfaceOrientationLandscapeRight";
				IPHONEOS_DEPLOYMENT_TARGET = 16.6;
				LD_RUNPATH_SEARCH_PATHS = (
					"$(inherited)",
					"@executable_path/Frameworks",
				);
				MARKETING_VERSION = 1.0;
				PRODUCT_BUNDLE_IDENTIFIER = com.landmark.landmarks.InstaFeed;
				PRODUCT_NAME = "$(TARGET_NAME)";
				SWIFT_EMIT_LOC_STRINGS = YES;
				SWIFT_VERSION = 5.0;
				TARGETED_DEVICE_FAMILY = "1,2";
			};
			name = Debug;
		};
		A501DF912DBA69DC0048DBF8 /* Release */ = {
			isa = XCBuildConfiguration;
			buildSettings = {
				ASSETCATALOG_COMPILER_APPICON_NAME = AppIcon;
				ASSETCATALOG_COMPILER_GLOBAL_ACCENT_COLOR_NAME = AccentColor;
				CODE_SIGN_STYLE = Automatic;
				CURRENT_PROJECT_VERSION = 1;
				DEVELOPMENT_ASSET_PATHS = "\"InstaFeed/Preview Content\"";
				DEVELOPMENT_TEAM = 25QHX7WSMR;
				ENABLE_PREVIEWS = YES;
				GENERATE_INFOPLIST_FILE = YES;
				INFOPLIST_KEY_UIApplicationSceneManifest_Generation = YES;
				INFOPLIST_KEY_UIApplicationSupportsIndirectInputEvents = YES;
				INFOPLIST_KEY_UILaunchScreen_Generation = YES;
				INFOPLIST_KEY_UISupportedInterfaceOrientations_iPad = "UIInterfaceOrientationPortrait UIInterfaceOrientationPortraitUpsideDown UIInterfaceOrientationLandscapeLeft UIInterfaceOrientationLandscapeRight";
				INFOPLIST_KEY_UISupportedInterfaceOrientations_iPhone = "UIInterfaceOrientationPortrait UIInterfaceOrientationLandscapeLeft UIInterfaceOrientationLandscapeRight";
				IPHONEOS_DEPLOYMENT_TARGET = 16.6;
				LD_RUNPATH_SEARCH_PATHS = (
					"$(inherited)",
					"@executable_path/Frameworks",
				);
				MARKETING_VERSION = 1.0;
				PRODUCT_BUNDLE_IDENTIFIER = com.landmark.landmarks.InstaFeed;
				PRODUCT_NAME = "$(TARGET_NAME)";
				SWIFT_EMIT_LOC_STRINGS = YES;
				SWIFT_VERSION = 5.0;
				TARGETED_DEVICE_FAMILY = "1,2";
			};
			name = Release;
		};
/* End XCBuildConfiguration section */

/* Begin XCConfigurationList section */
		A501DF7C2DBA69D90048DBF8 /* Build configuration list for PBXProject "InstaFeed" */ = {
			isa = XCConfigurationList;
			buildConfigurations = (
				A501DF8D2DBA69DC0048DBF8 /* Debug */,
				A501DF8E2DBA69DC0048DBF8 /* Release */,
			);
			defaultConfigurationIsVisible = 0;
			defaultConfigurationName = Release;
		};
		A501DF8F2DBA69DC0048DBF8 /* Build configuration list for PBXNativeTarget "InstaFeed" */ = {
			isa = XCConfigurationList;
			buildConfigurations = (
				A501DF902DBA69DC0048DBF8 /* Debug */,
				A501DF912DBA69DC0048DBF8 /* Release */,
			);
			defaultConfigurationIsVisible = 0;
			defaultConfigurationName = Release;
		};
/* End XCConfigurationList section */

/* Begin XCRemoteSwiftPackageReference section */
		A572F4412DBE941200CF7FD4 /* XCRemoteSwiftPackageReference "grpc-swift" */ = {
			isa = XCRemoteSwiftPackageReference;
			repositoryURL = "https://github.com/grpc/grpc-swift";
			requirement = {
				kind = upToNextMajorVersion;
				minimumVersion = 2.1.2;
			};
		};
/* End XCRemoteSwiftPackageReference section */

/* Begin XCSwiftPackageProductDependency section */
		A572F4422DBE941200CF7FD4 /* GRPCCodeGen */ = {
			isa = XCSwiftPackageProductDependency;
			package = A572F4412DBE941200CF7FD4 /* XCRemoteSwiftPackageReference "grpc-swift" */;
			productName = GRPCCodeGen;
		};
		A572F4442DBE941200CF7FD4 /* GRPCCore */ = {
			isa = XCSwiftPackageProductDependency;
			package = A572F4412DBE941200CF7FD4 /* XCRemoteSwiftPackageReference "grpc-swift" */;
			productName = GRPCCore;
		};
		A572F4462DBE941200CF7FD4 /* GRPCInProcessTransport */ = {
			isa = XCSwiftPackageProductDependency;
			package = A572F4412DBE941200CF7FD4 /* XCRemoteSwiftPackageReference "grpc-swift" */;
			productName = GRPCInProcessTransport;
		};
/* End XCSwiftPackageProductDependency section */
	};
	rootObject = A501DF792DBA69D90048DBF8 /* Project object */;
}
